// !$*UTF8*$!
{
	archiveVersion = 1;
	classes = {
	};
	objectVersion = 50;
	objects = {

/* Begin PBXBuildFile section */
		93C737C1255C84B400DD064E /* AppDelegate.swift in Sources */ = {isa = PBXBuildFile; fileRef = 93C737C0255C84B400DD064E /* AppDelegate.swift */; };
		93C737C3255C84B400DD064E /* SceneDelegate.swift in Sources */ = {isa = PBXBuildFile; fileRef = 93C737C2255C84B400DD064E /* SceneDelegate.swift */; };
		93C737C5255C84B400DD064E /* ViewController.swift in Sources */ = {isa = PBXBuildFile; fileRef = 93C737C4255C84B400DD064E /* ViewController.swift */; };
		93C737C8255C84B400DD064E /* Main.storyboard in Resources */ = {isa = PBXBuildFile; fileRef = 93C737C6255C84B400DD064E /* Main.storyboard */; };
		93C737CB255C84B400DD064E /* CanYouReallySearchGitHub.xcdatamodeld in Sources */ = {isa = PBXBuildFile; fileRef = 93C737C9255C84B400DD064E /* CanYouReallySearchGitHub.xcdatamodeld */; };
		93C737CD255C84B500DD064E /* Assets.xcassets in Resources */ = {isa = PBXBuildFile; fileRef = 93C737CC255C84B500DD064E /* Assets.xcassets */; };
		93C737D0255C84B500DD064E /* LaunchScreen.storyboard in Resources */ = {isa = PBXBuildFile; fileRef = 93C737CE255C84B500DD064E /* LaunchScreen.storyboard */; };
/* End PBXBuildFile section */

/* Begin PBXFileReference section */
		93C737BD255C84B400DD064E /* CanYouReallySearchGitHub.app */ = {isa = PBXFileReference; explicitFileType = wrapper.application; includeInIndex = 0; path = CanYouReallySearchGitHub.app; sourceTree = BUILT_PRODUCTS_DIR; };
		93C737C0255C84B400DD064E /* AppDelegate.swift */ = {isa = PBXFileReference; lastKnownFileType = sourcecode.swift; path = AppDelegate.swift; sourceTree = "<group>"; };
		93C737C2255C84B400DD064E /* SceneDelegate.swift */ = {isa = PBXFileReference; lastKnownFileType = sourcecode.swift; path = SceneDelegate.swift; sourceTree = "<group>"; };
		93C737C4255C84B400DD064E /* ViewController.swift */ = {isa = PBXFileReference; lastKnownFileType = sourcecode.swift; path = ViewController.swift; sourceTree = "<group>"; };
		93C737C7255C84B400DD064E /* Base */ = {isa = PBXFileReference; lastKnownFileType = file.storyboard; name = Base; path = Base.lproj/Main.storyboard; sourceTree = "<group>"; };
		93C737CA255C84B400DD064E /* CanYouReallySearchGitHub.xcdatamodel */ = {isa = PBXFileReference; lastKnownFileType = wrapper.xcdatamodel; path = CanYouReallySearchGitHub.xcdatamodel; sourceTree = "<group>"; };
		93C737CC255C84B500DD064E /* Assets.xcassets */ = {isa = PBXFileReference; lastKnownFileType = folder.assetcatalog; path = Assets.xcassets; sourceTree = "<group>"; };
		93C737CF255C84B500DD064E /* Base */ = {isa = PBXFileReference; lastKnownFileType = file.storyboard; name = Base; path = Base.lproj/LaunchScreen.storyboard; sourceTree = "<group>"; };
		93C737D1255C84B500DD064E /* Info.plist */ = {isa = PBXFileReference; lastKnownFileType = text.plist.xml; path = Info.plist; sourceTree = "<group>"; };
/* End PBXFileReference section */

/* Begin PBXFrameworksBuildPhase section */
		93C737BA255C84B400DD064E /* Frameworks */ = {
			isa = PBXFrameworksBuildPhase;
			buildActionMask = 2147483647;
			files = (
			);
			runOnlyForDeploymentPostprocessing = 0;
		};
/* End PBXFrameworksBuildPhase section */

/* Begin PBXGroup section */
		93C737B4255C84B400DD064E = {
			isa = PBXGroup;
			children = (
				93C737BF255C84B400DD064E /* CanYouReallySearchGitHub */,
				93C737BE255C84B400DD064E /* Products */,
			);
			sourceTree = "<group>";
		};
		93C737BE255C84B400DD064E /* Products */ = {
			isa = PBXGroup;
			children = (
				93C737BD255C84B400DD064E /* CanYouReallySearchGitHub.app */,
			);
			name = Products;
			sourceTree = "<group>";
		};
		93C737BF255C84B400DD064E /* CanYouReallySearchGitHub */ = {
			isa = PBXGroup;
			children = (
				93C737C0255C84B400DD064E /* AppDelegate.swift */,
				93C737C2255C84B400DD064E /* SceneDelegate.swift */,
				93C737C4255C84B400DD064E /* ViewController.swift */,
				93C737C6255C84B400DD064E /* Main.storyboard */,
				93C737CC255C84B500DD064E /* Assets.xcassets */,
				93C737CE255C84B500DD064E /* LaunchScreen.storyboard */,
				93C737D1255C84B500DD064E /* Info.plist */,
				93C737C9255C84B400DD064E /* CanYouReallySearchGitHub.xcdatamodeld */,
			);
			path = CanYouReallySearchGitHub;
			sourceTree = "<group>";
		};
/* End PBXGroup section */

/* Begin PBXNativeTarget section */
		93C737BC255C84B400DD064E /* CanYouReallySearchGitHub */ = {
			isa = PBXNativeTarget;
			buildConfigurationList = 93C737D4255C84B500DD064E /* Build configuration list for PBXNativeTarget "CanYouReallySearchGitHub" */;
			buildPhases = (
				93C737B9255C84B400DD064E /* Sources */,
				93C737BA255C84B400DD064E /* Frameworks */,
				93C737BB255C84B400DD064E /* Resources */,
			);
			buildRules = (
			);
			dependencies = (
			);
			name = CanYouReallySearchGitHub;
			productName = CanYouReallySearchGitHub;
			productReference = 93C737BD255C84B400DD064E /* CanYouReallySearchGitHub.app */;
			productType = "com.apple.product-type.application";
		};
/* End PBXNativeTarget section */

/* Begin PBXProject section */
		93C737B5255C84B400DD064E /* Project object */ = {
			isa = PBXProject;
			attributes = {
				LastSwiftUpdateCheck = 1210;
				LastUpgradeCheck = 1210;
				TargetAttributes = {
					93C737BC255C84B400DD064E = {
						CreatedOnToolsVersion = 12.1;
					};
				};
			};
			buildConfigurationList = 93C737B8255C84B400DD064E /* Build configuration list for PBXProject "CanYouReallySearchGitHub" */;
			compatibilityVersion = "Xcode 9.3";
			developmentRegion = en;
			hasScannedForEncodings = 0;
			knownRegions = (
				en,
				Base,
			);
			mainGroup = 93C737B4255C84B400DD064E;
			productRefGroup = 93C737BE255C84B400DD064E /* Products */;
			projectDirPath = "";
			projectRoot = "";
			targets = (
				93C737BC255C84B400DD064E /* CanYouReallySearchGitHub */,
			);
		};
/* End PBXProject section */

/* Begin PBXResourcesBuildPhase section */
		93C737BB255C84B400DD064E /* Resources */ = {
			isa = PBXResourcesBuildPhase;
			buildActionMask = 2147483647;
			files = (
				93C737D0255C84B500DD064E /* LaunchScreen.storyboard in Resources */,
				93C737CD255C84B500DD064E /* Assets.xcassets in Resources */,
				93C737C8255C84B400DD064E /* Main.storyboard in Resources */,
			);
			runOnlyForDeploymentPostprocessing = 0;
		};
/* End PBXResourcesBuildPhase section */

/* Begin PBXSourcesBuildPhase section */
		93C737B9255C84B400DD064E /* Sources */ = {
			isa = PBXSourcesBuildPhase;
			buildActionMask = 2147483647;
			files = (
				93C737C5255C84B400DD064E /* ViewController.swift in Sources */,
				93C737C1255C84B400DD064E /* AppDelegate.swift in Sources */,
				93C737CB255C84B400DD064E /* CanYouReallySearchGitHub.xcdatamodeld in Sources */,
				93C737C3255C84B400DD064E /* SceneDelegate.swift in Sources */,
			);
			runOnlyForDeploymentPostprocessing = 0;
		};
/* End PBXSourcesBuildPhase section */

/* Begin PBXVariantGroup section */
		93C737C6255C84B400DD064E /* Main.storyboard */ = {
			isa = PBXVariantGroup;
			children = (
				93C737C7255C84B400DD064E /* Base */,
			);
			name = Main.storyboard;
			sourceTree = "<group>";
		};
		93C737CE255C84B500DD064E /* LaunchScreen.storyboard */ = {
			isa = PBXVariantGroup;
			children = (
				93C737CF255C84B500DD064E /* Base */,
			);
			name = LaunchScreen.storyboard;
			sourceTree = "<group>";
		};
/* End PBXVariantGroup section */

/* Begin XCBuildConfiguration section */
		93C737D2255C84B500DD064E /* Debug */ = {
			isa = XCBuildConfiguration;
			buildSettings = {
				ALWAYS_SEARCH_USER_PATHS = NO;
				CLANG_ANALYZER_NONNULL = YES;
				CLANG_ANALYZER_NUMBER_OBJECT_CONVERSION = YES_AGGRESSIVE;
				CLANG_CXX_LANGUAGE_STANDARD = "gnu++14";
				CLANG_CXX_LIBRARY = "libc++";
				CLANG_ENABLE_MODULES = YES;
				CLANG_ENABLE_OBJC_ARC = YES;
				CLANG_ENABLE_OBJC_WEAK = YES;
				CLANG_WARN_BLOCK_CAPTURE_AUTORELEASING = YES;
				CLANG_WARN_BOOL_CONVERSION = YES;
				CLANG_WARN_COMMA = YES;
				CLANG_WARN_CONSTANT_CONVERSION = YES;
				CLANG_WARN_DEPRECATED_OBJC_IMPLEMENTATIONS = YES;
				CLANG_WARN_DIRECT_OBJC_ISA_USAGE = YES_ERROR;
				CLANG_WARN_DOCUMENTATION_COMMENTS = YES;
				CLANG_WARN_EMPTY_BODY = YES;
				CLANG_WARN_ENUM_CONVERSION = YES;
				CLANG_WARN_INFINITE_RECURSION = YES;
				CLANG_WARN_INT_CONVERSION = YES;
				CLANG_WARN_NON_LITERAL_NULL_CONVERSION = YES;
				CLANG_WARN_OBJC_IMPLICIT_RETAIN_SELF = YES;
				CLANG_WARN_OBJC_LITERAL_CONVERSION = YES;
				CLANG_WARN_OBJC_ROOT_CLASS = YES_ERROR;
				CLANG_WARN_QUOTED_INCLUDE_IN_FRAMEWORK_HEADER = YES;
				CLANG_WARN_RANGE_LOOP_ANALYSIS = YES;
				CLANG_WARN_STRICT_PROTOTYPES = YES;
				CLANG_WARN_SUSPICIOUS_MOVE = YES;
				CLANG_WARN_UNGUARDED_AVAILABILITY = YES_AGGRESSIVE;
				CLANG_WARN_UNREACHABLE_CODE = YES;
				CLANG_WARN__DUPLICATE_METHOD_MATCH = YES;
				COPY_PHASE_STRIP = NO;
				DEBUG_INFORMATION_FORMAT = dwarf;
				ENABLE_STRICT_OBJC_MSGSEND = YES;
				ENABLE_TESTABILITY = YES;
				GCC_C_LANGUAGE_STANDARD = gnu11;
				GCC_DYNAMIC_NO_PIC = NO;
				GCC_NO_COMMON_BLOCKS = YES;
				GCC_OPTIMIZATION_LEVEL = 0;
				GCC_PREPROCESSOR_DEFINITIONS = (
					"DEBUG=1",
					"$(inherited)",
				);
				GCC_WARN_64_TO_32_BIT_CONVERSION = YES;
				GCC_WARN_ABOUT_RETURN_TYPE = YES_ERROR;
				GCC_WARN_UNDECLARED_SELECTOR = YES;
				GCC_WARN_UNINITIALIZED_AUTOS = YES_AGGRESSIVE;
				GCC_WARN_UNUSED_FUNCTION = YES;
				GCC_WARN_UNUSED_VARIABLE = YES;
				IPHONEOS_DEPLOYMENT_TARGET = 14.1;
				MTL_ENABLE_DEBUG_INFO = INCLUDE_SOURCE;
				MTL_FAST_MATH = YES;
				ONLY_ACTIVE_ARCH = YES;
				SDKROOT = iphoneos;
				SWIFT_ACTIVE_COMPILATION_CONDITIONS = DEBUG;
				SWIFT_OPTIMIZATION_LEVEL = "-Onone";
			};
			name = Debug;
		};
		93C737D3255C84B500DD064E /* Release */ = {
			isa = XCBuildConfiguration;
			buildSettings = {
				ALWAYS_SEARCH_USER_PATHS = NO;
				CLANG_ANALYZER_NONNULL = YES;
				CLANG_ANALYZER_NUMBER_OBJECT_CONVERSION = YES_AGGRESSIVE;
				CLANG_CXX_LANGUAGE_STANDARD = "gnu++14";
				CLANG_CXX_LIBRARY = "libc++";
				CLANG_ENABLE_MODULES = YES;
				CLANG_ENABLE_OBJC_ARC = YES;
				CLANG_ENABLE_OBJC_WEAK = YES;
				CLANG_WARN_BLOCK_CAPTURE_AUTORELEASING = YES;
				CLANG_WARN_BOOL_CONVERSION = YES;
				CLANG_WARN_COMMA = YES;
				CLANG_WARN_CONSTANT_CONVERSION = YES;
				CLANG_WARN_DEPRECATED_OBJC_IMPLEMENTATIONS = YES;
				CLANG_WARN_DIRECT_OBJC_ISA_USAGE = YES_ERROR;
				CLANG_WARN_DOCUMENTATION_COMMENTS = YES;
				CLANG_WARN_EMPTY_BODY = YES;
				CLANG_WARN_ENUM_CONVERSION = YES;
				CLANG_WARN_INFINITE_RECURSION = YES;
				CLANG_WARN_INT_CONVERSION = YES;
				CLANG_WARN_NON_LITERAL_NULL_CONVERSION = YES;
				CLANG_WARN_OBJC_IMPLICIT_RETAIN_SELF = YES;
				CLANG_WARN_OBJC_LITERAL_CONVERSION = YES;
				CLANG_WARN_OBJC_ROOT_CLASS = YES_ERROR;
				CLANG_WARN_QUOTED_INCLUDE_IN_FRAMEWORK_HEADER = YES;
				CLANG_WARN_RANGE_LOOP_ANALYSIS = YES;
				CLANG_WARN_STRICT_PROTOTYPES = YES;
				CLANG_WARN_SUSPICIOUS_MOVE = YES;
				CLANG_WARN_UNGUARDED_AVAILABILITY = YES_AGGRESSIVE;
				CLANG_WARN_UNREACHABLE_CODE = YES;
				CLANG_WARN__DUPLICATE_METHOD_MATCH = YES;
				COPY_PHASE_STRIP = NO;
				DEBUG_INFORMATION_FORMAT = "dwarf-with-dsym";
				ENABLE_NS_ASSERTIONS = NO;
				ENABLE_STRICT_OBJC_MSGSEND = YES;
				GCC_C_LANGUAGE_STANDARD = gnu11;
				GCC_NO_COMMON_BLOCKS = YES;
				GCC_WARN_64_TO_32_BIT_CONVERSION = YES;
				GCC_WARN_ABOUT_RETURN_TYPE = YES_ERROR;
				GCC_WARN_UNDECLARED_SELECTOR = YES;
				GCC_WARN_UNINITIALIZED_AUTOS = YES_AGGRESSIVE;
				GCC_WARN_UNUSED_FUNCTION = YES;
				GCC_WARN_UNUSED_VARIABLE = YES;
				IPHONEOS_DEPLOYMENT_TARGET = 14.1;
				MTL_ENABLE_DEBUG_INFO = NO;
				MTL_FAST_MATH = YES;
				SDKROOT = iphoneos;
				SWIFT_COMPILATION_MODE = wholemodule;
				SWIFT_OPTIMIZATION_LEVEL = "-O";
				VALIDATE_PRODUCT = YES;
			};
			name = Release;
		};
		93C737D5255C84B500DD064E /* Debug */ = {
			isa = XCBuildConfiguration;
			buildSettings = {
				ASSETCATALOG_COMPILER_APPICON_NAME = AppIcon;
				ASSETCATALOG_COMPILER_GLOBAL_ACCENT_COLOR_NAME = AccentColor;
				CODE_SIGN_STYLE = Automatic;
				DEVELOPMENT_TEAM = 3RG477JW5L;
				INFOPLIST_FILE = CanYouReallySearchGitHub/Info.plist;
				LD_RUNPATH_SEARCH_PATHS = (
					"$(inherited)",
					"@executable_path/Frameworks",
				);
				PRODUCT_BUNDLE_IDENTIFIER = com.nikndr.CanYouReallySearchGitHub;
				PRODUCT_NAME = "$(TARGET_NAME)";
				SWIFT_VERSION = 5.0;
				TARGETED_DEVICE_FAMILY = "1,2";
			};
			name = Debug;
		};
		93C737D6255C84B500DD064E /* Release */ = {
			isa = XCBuildConfiguration;
			buildSettings = {
				ASSETCATALOG_COMPILER_APPICON_NAME = AppIcon;
				ASSETCATALOG_COMPILER_GLOBAL_ACCENT_COLOR_NAME = AccentColor;
				CODE_SIGN_STYLE = Automatic;
				DEVELOPMENT_TEAM = 3RG477JW5L;
				INFOPLIST_FILE = CanYouReallySearchGitHub/Info.plist;
				LD_RUNPATH_SEARCH_PATHS = (
					"$(inherited)",
					"@executable_path/Frameworks",
				);
				PRODUCT_BUNDLE_IDENTIFIER = com.nikndr.CanYouReallySearchGitHub;
				PRODUCT_NAME = "$(TARGET_NAME)";
				SWIFT_VERSION = 5.0;
				TARGETED_DEVICE_FAMILY = "1,2";
			};
			name = Release;
		};
/* End XCBuildConfiguration section */

/* Begin XCConfigurationList section */
		93C737B8255C84B400DD064E /* Build configuration list for PBXProject "CanYouReallySearchGitHub" */ = {
			isa = XCConfigurationList;
			buildConfigurations = (
				93C737D2255C84B500DD064E /* Debug */,
				93C737D3255C84B500DD064E /* Release */,
			);
			defaultConfigurationIsVisible = 0;
			defaultConfigurationName = Release;
		};
		93C737D4255C84B500DD064E /* Build configuration list for PBXNativeTarget "CanYouReallySearchGitHub" */ = {
			isa = XCConfigurationList;
			buildConfigurations = (
				93C737D5255C84B500DD064E /* Debug */,
				93C737D6255C84B500DD064E /* Release */,
			);
			defaultConfigurationIsVisible = 0;
			defaultConfigurationName = Release;
		};
/* End XCConfigurationList section */

/* Begin XCVersionGroup section */
		93C737C9255C84B400DD064E /* CanYouReallySearchGitHub.xcdatamodeld */ = {
			isa = XCVersionGroup;
			children = (
				93C737CA255C84B400DD064E /* CanYouReallySearchGitHub.xcdatamodel */,
			);
			currentVersion = 93C737CA255C84B400DD064E /* CanYouReallySearchGitHub.xcdatamodel */;
			path = CanYouReallySearchGitHub.xcdatamodeld;
			sourceTree = "<group>";
			versionGroupType = wrapper.xcdatamodel;
		};
/* End XCVersionGroup section */
	};
	rootObject = 93C737B5255C84B400DD064E /* Project object */;
}
