// !$*UTF8*$!
{
	archiveVersion = 1;
	classes = {
	};
	objectVersion = 55;
	objects = {

/* Begin PBXBuildFile section */
		583E222A285783EF0072832C /* Request.swift in Sources */ = {isa = PBXBuildFile; fileRef = 583E2229285783EF0072832C /* Request.swift */; };
		5864619D286D726A009D5DF1 /* .gitignore in Resources */ = {isa = PBXBuildFile; fileRef = 5864619C286D726A009D5DF1 /* .gitignore */; };
		5864619F286D73FE009D5DF1 /* GoogleService-Info.plist in Resources */ = {isa = PBXBuildFile; fileRef = 5864619E286D73FE009D5DF1 /* GoogleService-Info.plist */; };
		586461A5286DC184009D5DF1 /* Appfile in Resources */ = {isa = PBXBuildFile; fileRef = 586461A3286DC184009D5DF1 /* Appfile */; };
		586461A6286DC184009D5DF1 /* Fastfile in Resources */ = {isa = PBXBuildFile; fileRef = 586461A4286DC184009D5DF1 /* Fastfile */; };
		586461AE286DC5B1009D5DF1 /* App_UITest.swift in Sources */ = {isa = PBXBuildFile; fileRef = 586461AD286DC5B1009D5DF1 /* App_UITest.swift */; };
		586461B0286DC5B1009D5DF1 /* App_UITestLaunchTests.swift in Sources */ = {isa = PBXBuildFile; fileRef = 586461AF286DC5B1009D5DF1 /* App_UITestLaunchTests.swift */; };
		586461BC286DC7E2009D5DF1 /* Pluginfile in Resources */ = {isa = PBXBuildFile; fileRef = 586461B6286DC7E2009D5DF1 /* Pluginfile */; };
		586461BD286DC7E2009D5DF1 /* Gymfile in Resources */ = {isa = PBXBuildFile; fileRef = 586461B7286DC7E2009D5DF1 /* Gymfile */; };
		586461BF286DC7E2009D5DF1 /* README.md in Resources */ = {isa = PBXBuildFile; fileRef = 586461B9286DC7E2009D5DF1 /* README.md */; };
		586461C0286DC7E2009D5DF1 /* Snapfile in Resources */ = {isa = PBXBuildFile; fileRef = 586461BA286DC7E2009D5DF1 /* Snapfile */; };
		586461C2286DC7E9009D5DF1 /* SnapshotHelper.swift in Sources */ = {isa = PBXBuildFile; fileRef = 586461BB286DC7E2009D5DF1 /* SnapshotHelper.swift */; };
		5899590F286B7273006503CB /* exportOptions.plist in Resources */ = {isa = PBXBuildFile; fileRef = 5899590C286B7273006503CB /* exportOptions.plist */; };
		58995910286B7273006503CB /* exportOptionsTemplate.plist in Resources */ = {isa = PBXBuildFile; fileRef = 5899590D286B7273006503CB /* exportOptionsTemplate.plist */; };
		58995911286B7273006503CB /* archive-script.sh in Resources */ = {isa = PBXBuildFile; fileRef = 5899590E286B7273006503CB /* archive-script.sh */; };
		58995914286B72B9006503CB /* Gemfile in Resources */ = {isa = PBXBuildFile; fileRef = 58995913286B72B9006503CB /* Gemfile */; };
		589E3DDC287340A100903402 /* codemagic.yaml in Resources */ = {isa = PBXBuildFile; fileRef = 589E3DDB287340A100903402 /* codemagic.yaml */; };
		93096A152560051700378830 /* UITableViewExtension.swift in Sources */ = {isa = PBXBuildFile; fileRef = 93096A142560051700378830 /* UITableViewExtension.swift */; };
		93096A18256105A500378830 /* SearchViewModel.swift in Sources */ = {isa = PBXBuildFile; fileRef = 93096A17256105A500378830 /* SearchViewModel.swift */; };
		93096A1B256105D500378830 /* SearchViewModelType.swift in Sources */ = {isa = PBXBuildFile; fileRef = 93096A1A256105D500378830 /* SearchViewModelType.swift */; };
		93096A1E2561061300378830 /* RepositoryCellViewModelType.swift in Sources */ = {isa = PBXBuildFile; fileRef = 93096A1D2561061300378830 /* RepositoryCellViewModelType.swift */; };
		93096A232561080F00378830 /* RepositoryCellViewModel.swift in Sources */ = {isa = PBXBuildFile; fileRef = 93096A222561080F00378830 /* RepositoryCellViewModel.swift */; };
		93096A2625610FCB00378830 /* LoadImage.swift in Sources */ = {isa = PBXBuildFile; fileRef = 93096A2525610FCB00378830 /* LoadImage.swift */; };
		93096A2C25613B0200378830 /* Observable.swift in Sources */ = {isa = PBXBuildFile; fileRef = 93096A2B25613B0200378830 /* Observable.swift */; };
		93096A3625616F1D00378830 /* FormatSearchQuery.swift in Sources */ = {isa = PBXBuildFile; fileRef = 93096A3525616F1D00378830 /* FormatSearchQuery.swift */; };
		93096A3A25619F2300378830 /* UIAlertControllerExtension.swift in Sources */ = {isa = PBXBuildFile; fileRef = 93096A3925619F2300378830 /* UIAlertControllerExtension.swift */; };
		93096A3D2561A83000378830 /* UIActivityIndicatorViewExtension.swift in Sources */ = {isa = PBXBuildFile; fileRef = 93096A3C2561A83000378830 /* UIActivityIndicatorViewExtension.swift */; };
		93096A412561AC3A00378830 /* RequestConfiguration.swift in Sources */ = {isa = PBXBuildFile; fileRef = 93096A402561AC3A00378830 /* RequestConfiguration.swift */; };
		93135B362562A98A0009F3D9 /* DecoderConfigurationError.swift in Sources */ = {isa = PBXBuildFile; fileRef = 93135B352562A98A0009F3D9 /* DecoderConfigurationError.swift */; };
		93135B3B2562AFCC0009F3D9 /* JSONDecoderExtension.swift in Sources */ = {isa = PBXBuildFile; fileRef = 93135B3A2562AFCC0009F3D9 /* JSONDecoderExtension.swift */; };
		9313D32325631C9100549A6C /* EntityNames.swift in Sources */ = {isa = PBXBuildFile; fileRef = 9313D32225631C9100549A6C /* EntityNames.swift */; };
		9343D37A2562CA7700942F9A /* CoreDataManager.swift in Sources */ = {isa = PBXBuildFile; fileRef = 9343D3792562CA7700942F9A /* CoreDataManager.swift */; };
		935D4F03255E998900E5BE69 /* RepositoryListViewController.swift in Sources */ = {isa = PBXBuildFile; fileRef = 935D4F02255E998900E5BE69 /* RepositoryListViewController.swift */; };
		935D4F0D255E9C1F00E5BE69 /* RepositoryCell.swift in Sources */ = {isa = PBXBuildFile; fileRef = 935D4F0C255E9C1F00E5BE69 /* RepositoryCell.swift */; };
		935D4F10255EAEEB00E5BE69 /* URLParameterEncoder.swift in Sources */ = {isa = PBXBuildFile; fileRef = 935D4F0F255EAEEB00E5BE69 /* URLParameterEncoder.swift */; };
		935D4F14255ECFBC00E5BE69 /* SearchEndPointApiResponseData.swift in Sources */ = {isa = PBXBuildFile; fileRef = 935D4F13255ECFBC00E5BE69 /* SearchEndPointApiResponseData.swift */; };
		9396D657256285FB003E92A8 /* Repository+CoreDataClass.swift in Sources */ = {isa = PBXBuildFile; fileRef = 9396D653256285FB003E92A8 /* Repository+CoreDataClass.swift */; };
		93C737C1255C84B400DD064E /* AppDelegate.swift in Sources */ = {isa = PBXBuildFile; fileRef = 93C737C0255C84B400DD064E /* AppDelegate.swift */; };
		93C737C3255C84B400DD064E /* SceneDelegate.swift in Sources */ = {isa = PBXBuildFile; fileRef = 93C737C2255C84B400DD064E /* SceneDelegate.swift */; };
		93C737CB255C84B400DD064E /* CanYouReallySearchGitHub.xcdatamodeld in Sources */ = {isa = PBXBuildFile; fileRef = 93C737C9255C84B400DD064E /* CanYouReallySearchGitHub.xcdatamodeld */; };
		93C737CD255C84B500DD064E /* Assets.xcassets in Resources */ = {isa = PBXBuildFile; fileRef = 93C737CC255C84B500DD064E /* Assets.xcassets */; };
		93C737D0255C84B500DD064E /* LaunchScreen.storyboard in Resources */ = {isa = PBXBuildFile; fileRef = 93C737CE255C84B500DD064E /* LaunchScreen.storyboard */; };
		93C737E6255C8CDA00DD064E /* EndPointType.swift in Sources */ = {isa = PBXBuildFile; fileRef = 93C737E5255C8CDA00DD064E /* EndPointType.swift */; };
		93C737E9255C957100DD064E /* HTTPMethod.swift in Sources */ = {isa = PBXBuildFile; fileRef = 93C737E8255C957100DD064E /* HTTPMethod.swift */; };
		93C737EC255C9B9C00DD064E /* NetworkManager.swift in Sources */ = {isa = PBXBuildFile; fileRef = 93C737EB255C9B9C00DD064E /* NetworkManager.swift */; };
		93C737EF255C9BD500DD064E /* RepositoryRemote.swift in Sources */ = {isa = PBXBuildFile; fileRef = 93C737EE255C9BD500DD064E /* RepositoryRemote.swift */; };
		93C737FC255D615D00DD064E /* URLRequestConvertible.swift in Sources */ = {isa = PBXBuildFile; fileRef = 93C737FB255D615D00DD064E /* URLRequestConvertible.swift */; };
		93C73800255D634100DD064E /* HTTPTask.swift in Sources */ = {isa = PBXBuildFile; fileRef = 93C737FF255D634100DD064E /* HTTPTask.swift */; };
		93C73803255D636300DD064E /* Parameters.swift in Sources */ = {isa = PBXBuildFile; fileRef = 93C73802255D636300DD064E /* Parameters.swift */; };
		93C73806255D64D800DD064E /* HTTPHeader.swift in Sources */ = {isa = PBXBuildFile; fileRef = 93C73805255D64D800DD064E /* HTTPHeader.swift */; };
		93C7380A255D65CB00DD064E /* Constants.swift in Sources */ = {isa = PBXBuildFile; fileRef = 93C73809255D65CB00DD064E /* Constants.swift */; };
		93C7387C255DB03200DD064E /* ParameterEncoder.swift in Sources */ = {isa = PBXBuildFile; fileRef = 93C7387B255DB03200DD064E /* ParameterEncoder.swift */; };
		93C73882255DB16E00DD064E /* NetworkError.swift in Sources */ = {isa = PBXBuildFile; fileRef = 93C73881255DB16E00DD064E /* NetworkError.swift */; };
		93C73886255DB2C500DD064E /* SearchEndPoint.swift in Sources */ = {isa = PBXBuildFile; fileRef = 93C73885255DB2C500DD064E /* SearchEndPoint.swift */; };
		93C73892255DBC7300DD064E /* URLSession.swift in Sources */ = {isa = PBXBuildFile; fileRef = 93C73891255DBC7300DD064E /* URLSession.swift */; };
		93C73896255DE84000DD064E /* UserRemote.swift in Sources */ = {isa = PBXBuildFile; fileRef = 93C73895255DE84000DD064E /* UserRemote.swift */; };
		93FFE0DA2562A74900BB3221 /* CodingUserInfoKeyExtension.swift in Sources */ = {isa = PBXBuildFile; fileRef = 93FFE0D92562A74900BB3221 /* CodingUserInfoKeyExtension.swift */; };
		C6DBB5BC7C80DD98850F1FF3 /* Pods_CanYouReallySearchGitHub.framework in Frameworks */ = {isa = PBXBuildFile; fileRef = 0B63E8DB5598BE7E3BE1F6A7 /* Pods_CanYouReallySearchGitHub.framework */; };
/* End PBXBuildFile section */

/* Begin PBXContainerItemProxy section */
		586461B1286DC5B1009D5DF1 /* PBXContainerItemProxy */ = {
			isa = PBXContainerItemProxy;
			containerPortal = 93C737B5255C84B400DD064E /* Project object */;
			proxyType = 1;
			remoteGlobalIDString = 93C737BC255C84B400DD064E;
			remoteInfo = CanYouReallySearchGitHub;
		};
/* End PBXContainerItemProxy section */

/* Begin PBXCopyFilesBuildPhase section */
		5859FEE328577A1700C1932A /* Embed Frameworks */ = {
			isa = PBXCopyFilesBuildPhase;
			buildActionMask = 2147483647;
			dstPath = "";
			dstSubfolderSpec = 10;
			files = (
			);
			name = "Embed Frameworks";
			runOnlyForDeploymentPostprocessing = 0;
		};
/* End PBXCopyFilesBuildPhase section */

/* Begin PBXFileReference section */
		0B63E8DB5598BE7E3BE1F6A7 /* Pods_CanYouReallySearchGitHub.framework */ = {isa = PBXFileReference; explicitFileType = wrapper.framework; includeInIndex = 0; path = Pods_CanYouReallySearchGitHub.framework; sourceTree = BUILT_PRODUCTS_DIR; };
		583E2229285783EF0072832C /* Request.swift */ = {isa = PBXFileReference; fileEncoding = 4; lastKnownFileType = sourcecode.swift; path = Request.swift; sourceTree = "<group>"; };
		5864619C286D726A009D5DF1 /* .gitignore */ = {isa = PBXFileReference; fileEncoding = 4; lastKnownFileType = text; path = .gitignore; sourceTree = "<group>"; };
		5864619E286D73FE009D5DF1 /* GoogleService-Info.plist */ = {isa = PBXFileReference; fileEncoding = 4; lastKnownFileType = text.plist.xml; path = "GoogleService-Info.plist"; sourceTree = "<group>"; };
		586461A3286DC184009D5DF1 /* Appfile */ = {isa = PBXFileReference; fileEncoding = 4; lastKnownFileType = text; path = Appfile; sourceTree = "<group>"; };
		586461A4286DC184009D5DF1 /* Fastfile */ = {isa = PBXFileReference; fileEncoding = 4; lastKnownFileType = text; path = Fastfile; sourceTree = "<group>"; };
		586461AB286DC5B1009D5DF1 /* App_UITest.xctest */ = {isa = PBXFileReference; explicitFileType = wrapper.cfbundle; includeInIndex = 0; path = App_UITest.xctest; sourceTree = BUILT_PRODUCTS_DIR; };
		586461AD286DC5B1009D5DF1 /* App_UITest.swift */ = {isa = PBXFileReference; lastKnownFileType = sourcecode.swift; path = App_UITest.swift; sourceTree = "<group>"; };
		586461AF286DC5B1009D5DF1 /* App_UITestLaunchTests.swift */ = {isa = PBXFileReference; lastKnownFileType = sourcecode.swift; path = App_UITestLaunchTests.swift; sourceTree = "<group>"; };
		586461B6286DC7E2009D5DF1 /* Pluginfile */ = {isa = PBXFileReference; fileEncoding = 4; lastKnownFileType = text; path = Pluginfile; sourceTree = "<group>"; };
		586461B7286DC7E2009D5DF1 /* Gymfile */ = {isa = PBXFileReference; fileEncoding = 4; lastKnownFileType = text; path = Gymfile; sourceTree = "<group>"; };
		586461B9286DC7E2009D5DF1 /* README.md */ = {isa = PBXFileReference; fileEncoding = 4; lastKnownFileType = net.daringfireball.markdown; path = README.md; sourceTree = "<group>"; };
		586461BA286DC7E2009D5DF1 /* Snapfile */ = {isa = PBXFileReference; fileEncoding = 4; lastKnownFileType = text; path = Snapfile; sourceTree = "<group>"; };
		586461BB286DC7E2009D5DF1 /* SnapshotHelper.swift */ = {isa = PBXFileReference; fileEncoding = 4; lastKnownFileType = sourcecode.swift; path = SnapshotHelper.swift; sourceTree = "<group>"; };
		5899590C286B7273006503CB /* exportOptions.plist */ = {isa = PBXFileReference; lastKnownFileType = text.plist; path = exportOptions.plist; sourceTree = SOURCE_ROOT; };
		5899590D286B7273006503CB /* exportOptionsTemplate.plist */ = {isa = PBXFileReference; lastKnownFileType = text.plist; path = exportOptionsTemplate.plist; sourceTree = SOURCE_ROOT; };
		5899590E286B7273006503CB /* archive-script.sh */ = {isa = PBXFileReference; fileEncoding = 4; lastKnownFileType = text.script.sh; path = "archive-script.sh"; sourceTree = SOURCE_ROOT; };
		58995913286B72B9006503CB /* Gemfile */ = {isa = PBXFileReference; lastKnownFileType = text; path = Gemfile; sourceTree = "<group>"; };
		589E3DDB287340A100903402 /* codemagic.yaml */ = {isa = PBXFileReference; lastKnownFileType = text.yaml; path = codemagic.yaml; sourceTree = "<group>"; };
		93096A142560051700378830 /* UITableViewExtension.swift */ = {isa = PBXFileReference; lastKnownFileType = sourcecode.swift; path = UITableViewExtension.swift; sourceTree = "<group>"; };
		93096A17256105A500378830 /* SearchViewModel.swift */ = {isa = PBXFileReference; lastKnownFileType = sourcecode.swift; path = SearchViewModel.swift; sourceTree = "<group>"; };
		93096A1A256105D500378830 /* SearchViewModelType.swift */ = {isa = PBXFileReference; lastKnownFileType = sourcecode.swift; path = SearchViewModelType.swift; sourceTree = "<group>"; };
		93096A1D2561061300378830 /* RepositoryCellViewModelType.swift */ = {isa = PBXFileReference; lastKnownFileType = sourcecode.swift; path = RepositoryCellViewModelType.swift; sourceTree = "<group>"; };
		93096A222561080F00378830 /* RepositoryCellViewModel.swift */ = {isa = PBXFileReference; lastKnownFileType = sourcecode.swift; path = RepositoryCellViewModel.swift; sourceTree = "<group>"; };
		93096A2525610FCB00378830 /* LoadImage.swift */ = {isa = PBXFileReference; lastKnownFileType = sourcecode.swift; path = LoadImage.swift; sourceTree = "<group>"; };
		93096A2B25613B0200378830 /* Observable.swift */ = {isa = PBXFileReference; lastKnownFileType = sourcecode.swift; path = Observable.swift; sourceTree = "<group>"; };
		93096A3525616F1D00378830 /* FormatSearchQuery.swift */ = {isa = PBXFileReference; lastKnownFileType = sourcecode.swift; path = FormatSearchQuery.swift; sourceTree = "<group>"; };
		93096A3925619F2300378830 /* UIAlertControllerExtension.swift */ = {isa = PBXFileReference; lastKnownFileType = sourcecode.swift; path = UIAlertControllerExtension.swift; sourceTree = "<group>"; };
		93096A3C2561A83000378830 /* UIActivityIndicatorViewExtension.swift */ = {isa = PBXFileReference; lastKnownFileType = sourcecode.swift; path = UIActivityIndicatorViewExtension.swift; sourceTree = "<group>"; };
		93096A402561AC3A00378830 /* RequestConfiguration.swift */ = {isa = PBXFileReference; lastKnownFileType = sourcecode.swift; path = RequestConfiguration.swift; sourceTree = "<group>"; };
		93135B352562A98A0009F3D9 /* DecoderConfigurationError.swift */ = {isa = PBXFileReference; lastKnownFileType = sourcecode.swift; path = DecoderConfigurationError.swift; sourceTree = "<group>"; };
		93135B3A2562AFCC0009F3D9 /* JSONDecoderExtension.swift */ = {isa = PBXFileReference; lastKnownFileType = sourcecode.swift; path = JSONDecoderExtension.swift; sourceTree = "<group>"; };
		9313D32225631C9100549A6C /* EntityNames.swift */ = {isa = PBXFileReference; lastKnownFileType = sourcecode.swift; path = EntityNames.swift; sourceTree = "<group>"; };
		9343D3792562CA7700942F9A /* CoreDataManager.swift */ = {isa = PBXFileReference; lastKnownFileType = sourcecode.swift; path = CoreDataManager.swift; sourceTree = "<group>"; };
		935D4F02255E998900E5BE69 /* RepositoryListViewController.swift */ = {isa = PBXFileReference; lastKnownFileType = sourcecode.swift; path = RepositoryListViewController.swift; sourceTree = "<group>"; };
		935D4F0C255E9C1F00E5BE69 /* RepositoryCell.swift */ = {isa = PBXFileReference; lastKnownFileType = sourcecode.swift; path = RepositoryCell.swift; sourceTree = "<group>"; };
		935D4F0F255EAEEB00E5BE69 /* URLParameterEncoder.swift */ = {isa = PBXFileReference; lastKnownFileType = sourcecode.swift; path = URLParameterEncoder.swift; sourceTree = "<group>"; };
		935D4F13255ECFBC00E5BE69 /* SearchEndPointApiResponseData.swift */ = {isa = PBXFileReference; lastKnownFileType = sourcecode.swift; path = SearchEndPointApiResponseData.swift; sourceTree = "<group>"; };
		9396D653256285FB003E92A8 /* Repository+CoreDataClass.swift */ = {isa = PBXFileReference; lastKnownFileType = sourcecode.swift; path = "Repository+CoreDataClass.swift"; sourceTree = "<group>"; };
		93C737BD255C84B400DD064E /* CanYouReallySearchGitHub.app */ = {isa = PBXFileReference; explicitFileType = wrapper.application; includeInIndex = 0; path = CanYouReallySearchGitHub.app; sourceTree = BUILT_PRODUCTS_DIR; };
		93C737C0255C84B400DD064E /* AppDelegate.swift */ = {isa = PBXFileReference; lastKnownFileType = sourcecode.swift; path = AppDelegate.swift; sourceTree = "<group>"; };
		93C737C2255C84B400DD064E /* SceneDelegate.swift */ = {isa = PBXFileReference; lastKnownFileType = sourcecode.swift; path = SceneDelegate.swift; sourceTree = "<group>"; };
		93C737CA255C84B400DD064E /* CanYouReallySearchGitHub.xcdatamodel */ = {isa = PBXFileReference; lastKnownFileType = wrapper.xcdatamodel; path = CanYouReallySearchGitHub.xcdatamodel; sourceTree = "<group>"; };
		93C737CC255C84B500DD064E /* Assets.xcassets */ = {isa = PBXFileReference; lastKnownFileType = folder.assetcatalog; path = Assets.xcassets; sourceTree = "<group>"; };
		93C737CF255C84B500DD064E /* Base */ = {isa = PBXFileReference; lastKnownFileType = file.storyboard; name = Base; path = Base.lproj/LaunchScreen.storyboard; sourceTree = "<group>"; };
		93C737D1255C84B500DD064E /* Info.plist */ = {isa = PBXFileReference; lastKnownFileType = text.plist.xml; path = Info.plist; sourceTree = "<group>"; };
		93C737E5255C8CDA00DD064E /* EndPointType.swift */ = {isa = PBXFileReference; lastKnownFileType = sourcecode.swift; path = EndPointType.swift; sourceTree = "<group>"; };
		93C737E8255C957100DD064E /* HTTPMethod.swift */ = {isa = PBXFileReference; lastKnownFileType = sourcecode.swift; path = HTTPMethod.swift; sourceTree = "<group>"; };
		93C737EB255C9B9C00DD064E /* NetworkManager.swift */ = {isa = PBXFileReference; lastKnownFileType = sourcecode.swift; path = NetworkManager.swift; sourceTree = "<group>"; };
		93C737EE255C9BD500DD064E /* RepositoryRemote.swift */ = {isa = PBXFileReference; lastKnownFileType = sourcecode.swift; path = RepositoryRemote.swift; sourceTree = "<group>"; };
		93C737FB255D615D00DD064E /* URLRequestConvertible.swift */ = {isa = PBXFileReference; lastKnownFileType = sourcecode.swift; path = URLRequestConvertible.swift; sourceTree = "<group>"; };
		93C737FF255D634100DD064E /* HTTPTask.swift */ = {isa = PBXFileReference; lastKnownFileType = sourcecode.swift; path = HTTPTask.swift; sourceTree = "<group>"; };
		93C73802255D636300DD064E /* Parameters.swift */ = {isa = PBXFileReference; lastKnownFileType = sourcecode.swift; path = Parameters.swift; sourceTree = "<group>"; };
		93C73805255D64D800DD064E /* HTTPHeader.swift */ = {isa = PBXFileReference; lastKnownFileType = sourcecode.swift; path = HTTPHeader.swift; sourceTree = "<group>"; };
		93C73809255D65CB00DD064E /* Constants.swift */ = {isa = PBXFileReference; lastKnownFileType = sourcecode.swift; path = Constants.swift; sourceTree = "<group>"; };
		93C7387B255DB03200DD064E /* ParameterEncoder.swift */ = {isa = PBXFileReference; lastKnownFileType = sourcecode.swift; path = ParameterEncoder.swift; sourceTree = "<group>"; };
		93C73881255DB16E00DD064E /* NetworkError.swift */ = {isa = PBXFileReference; lastKnownFileType = sourcecode.swift; path = NetworkError.swift; sourceTree = "<group>"; };
		93C73885255DB2C500DD064E /* SearchEndPoint.swift */ = {isa = PBXFileReference; lastKnownFileType = sourcecode.swift; path = SearchEndPoint.swift; sourceTree = "<group>"; };
		93C7388D255DBA9100DD064E /* Request.swift */ = {isa = PBXFileReference; lastKnownFileType = sourcecode.swift; path = Request.swift; sourceTree = "<group>"; };
		93C73891255DBC7300DD064E /* URLSession.swift */ = {isa = PBXFileReference; lastKnownFileType = sourcecode.swift; path = URLSession.swift; sourceTree = "<group>"; };
		93C73895255DE84000DD064E /* UserRemote.swift */ = {isa = PBXFileReference; lastKnownFileType = sourcecode.swift; path = UserRemote.swift; sourceTree = "<group>"; };
		93FFE0D92562A74900BB3221 /* CodingUserInfoKeyExtension.swift */ = {isa = PBXFileReference; lastKnownFileType = sourcecode.swift; path = CodingUserInfoKeyExtension.swift; sourceTree = "<group>"; };
		9CEAEB43FBE8EA69F0FA9809 /* Pods-CanYouReallySearchGitHub.debug.xcconfig */ = {isa = PBXFileReference; includeInIndex = 1; lastKnownFileType = text.xcconfig; name = "Pods-CanYouReallySearchGitHub.debug.xcconfig"; path = "Target Support Files/Pods-CanYouReallySearchGitHub/Pods-CanYouReallySearchGitHub.debug.xcconfig"; sourceTree = "<group>"; };
		E0E99328C3153F068EF29133 /* Pods-CanYouReallySearchGitHub.release.xcconfig */ = {isa = PBXFileReference; includeInIndex = 1; lastKnownFileType = text.xcconfig; name = "Pods-CanYouReallySearchGitHub.release.xcconfig"; path = "Target Support Files/Pods-CanYouReallySearchGitHub/Pods-CanYouReallySearchGitHub.release.xcconfig"; sourceTree = "<group>"; };
/* End PBXFileReference section */

/* Begin PBXFrameworksBuildPhase section */
		586461A8286DC5B1009D5DF1 /* Frameworks */ = {
			isa = PBXFrameworksBuildPhase;
			buildActionMask = 2147483647;
			files = (
			);
			runOnlyForDeploymentPostprocessing = 0;
		};
		93C737BA255C84B400DD064E /* Frameworks */ = {
			isa = PBXFrameworksBuildPhase;
			buildActionMask = 2147483647;
			files = (
				C6DBB5BC7C80DD98850F1FF3 /* Pods_CanYouReallySearchGitHub.framework in Frameworks */,
			);
			runOnlyForDeploymentPostprocessing = 0;
		};
/* End PBXFrameworksBuildPhase section */

/* Begin PBXGroup section */
		583E22242857834B0072832C /* Recovered References */ = {
			isa = PBXGroup;
			children = (
				93C7388D255DBA9100DD064E /* Request.swift */,
			);
			name = "Recovered References";
			sourceTree = "<group>";
		};
		586461A2286DC184009D5DF1 /* fastlane */ = {
			isa = PBXGroup;
			children = (
				586461B7286DC7E2009D5DF1 /* Gymfile */,
				586461B6286DC7E2009D5DF1 /* Pluginfile */,
				586461B9286DC7E2009D5DF1 /* README.md */,
				586461BA286DC7E2009D5DF1 /* Snapfile */,
				586461A3286DC184009D5DF1 /* Appfile */,
				586461A4286DC184009D5DF1 /* Fastfile */,
			);
			path = fastlane;
			sourceTree = "<group>";
		};
		586461AC286DC5B1009D5DF1 /* App_UITest */ = {
			isa = PBXGroup;
			children = (
				586461C3286DC7EE009D5DF1 /* firebase */,
				586461AD286DC5B1009D5DF1 /* App_UITest.swift */,
				586461AF286DC5B1009D5DF1 /* App_UITestLaunchTests.swift */,
			);
			path = App_UITest;
			sourceTree = "<group>";
		};
		586461C3286DC7EE009D5DF1 /* firebase */ = {
			isa = PBXGroup;
			children = (
				586461BB286DC7E2009D5DF1 /* SnapshotHelper.swift */,
			);
			path = firebase;
			sourceTree = "<group>";
		};
		5899590B286B7264006503CB /* build-utils */ = {
			isa = PBXGroup;
			children = (
				5899590E286B7273006503CB /* archive-script.sh */,
				5899590C286B7273006503CB /* exportOptions.plist */,
				5899590D286B7273006503CB /* exportOptionsTemplate.plist */,
			);
			path = "build-utils";
			sourceTree = "<group>";
		};
		8F69F67BCEE58B19E69A72CF /* Pods */ = {
			isa = PBXGroup;
			children = (
				9CEAEB43FBE8EA69F0FA9809 /* Pods-CanYouReallySearchGitHub.debug.xcconfig */,
				E0E99328C3153F068EF29133 /* Pods-CanYouReallySearchGitHub.release.xcconfig */,
			);
			path = Pods;
			sourceTree = "<group>";
		};
		93096A12256004EA00378830 /* Extensions */ = {
			isa = PBXGroup;
			children = (
				93096A142560051700378830 /* UITableViewExtension.swift */,
				93096A3925619F2300378830 /* UIAlertControllerExtension.swift */,
				93096A3C2561A83000378830 /* UIActivityIndicatorViewExtension.swift */,
			);
			path = Extensions;
			sourceTree = "<group>";
		};
		93096A29256115B700378830 /* Protocols */ = {
			isa = PBXGroup;
			children = (
				93096A1A256105D500378830 /* SearchViewModelType.swift */,
				93096A1D2561061300378830 /* RepositoryCellViewModelType.swift */,
			);
			path = Protocols;
			sourceTree = "<group>";
		};
		93096A3425616EEE00378830 /* Utils */ = {
			isa = PBXGroup;
			children = (
				93096A3525616F1D00378830 /* FormatSearchQuery.swift */,
				93135B3A2562AFCC0009F3D9 /* JSONDecoderExtension.swift */,
			);
			path = Utils;
			sourceTree = "<group>";
		};
		93096A3F2561AC2C00378830 /* Configuration */ = {
			isa = PBXGroup;
			children = (
				93096A402561AC3A00378830 /* RequestConfiguration.swift */,
				93C73802255D636300DD064E /* Parameters.swift */,
				93C73809255D65CB00DD064E /* Constants.swift */,
			);
			path = Configuration;
			sourceTree = "<group>";
		};
		93135B342562A97D0009F3D9 /* Errors */ = {
			isa = PBXGroup;
			children = (
				93135B352562A98A0009F3D9 /* DecoderConfigurationError.swift */,
			);
			path = Errors;
			sourceTree = "<group>";
		};
		935D4F05255E9A0700E5BE69 /* Supporting Files */ = {
			isa = PBXGroup;
			children = (
				93C737CC255C84B500DD064E /* Assets.xcassets */,
				93C737C0255C84B400DD064E /* AppDelegate.swift */,
				93C737C2255C84B400DD064E /* SceneDelegate.swift */,
				93C737CE255C84B500DD064E /* LaunchScreen.storyboard */,
				93C737C9255C84B400DD064E /* CanYouReallySearchGitHub.xcdatamodeld */,
			);
			path = "Supporting Files";
			sourceTree = "<group>";
		};
		9396D64E25628030003E92A8 /* CoreData */ = {
			isa = PBXGroup;
			children = (
				93FFE0D2256288CD00BB3221 /* Entities */,
				9343D3792562CA7700942F9A /* CoreDataManager.swift */,
				9313D32225631C9100549A6C /* EntityNames.swift */,
			);
			path = CoreData;
			sourceTree = "<group>";
		};
		93C737B4255C84B400DD064E = {
			isa = PBXGroup;
			children = (
				5864619E286D73FE009D5DF1 /* GoogleService-Info.plist */,
				5864619C286D726A009D5DF1 /* .gitignore */,
				58995913286B72B9006503CB /* Gemfile */,
				589E3DDB287340A100903402 /* codemagic.yaml */,
				586461A2286DC184009D5DF1 /* fastlane */,
				5899590B286B7264006503CB /* build-utils */,
				93C737BF255C84B400DD064E /* CanYouReallySearchGitHub */,
				586461AC286DC5B1009D5DF1 /* App_UITest */,
				93C737BE255C84B400DD064E /* Products */,
				583E22242857834B0072832C /* Recovered References */,
				8F69F67BCEE58B19E69A72CF /* Pods */,
				EF19B7E2ADEE5696820B365D /* Frameworks */,
			);
			sourceTree = "<group>";
		};
		93C737BE255C84B400DD064E /* Products */ = {
			isa = PBXGroup;
			children = (
				93C737BD255C84B400DD064E /* CanYouReallySearchGitHub.app */,
				586461AB286DC5B1009D5DF1 /* App_UITest.xctest */,
			);
			name = Products;
			sourceTree = "<group>";
		};
		93C737BF255C84B400DD064E /* CanYouReallySearchGitHub */ = {
			isa = PBXGroup;
			children = (
				93C737D1255C84B500DD064E /* Info.plist */,
				935D4F05255E9A0700E5BE69 /* Supporting Files */,
				93C737D9255C8AA200DD064E /* View */,
				93C737DA255C8AA800DD064E /* ViewModel */,
				93C737D8255C8A7C00DD064E /* Model */,
				93C737DB255C8AC000DD064E /* Networking */,
				93096A3425616EEE00378830 /* Utils */,
			);
			path = CanYouReallySearchGitHub;
			sourceTree = "<group>";
		};
		93C737D8255C8A7C00DD064E /* Model */ = {
			isa = PBXGroup;
			children = (
				93135B342562A97D0009F3D9 /* Errors */,
				93FFE0D82562A73A00BB3221 /* Extensions */,
				9396D64E25628030003E92A8 /* CoreData */,
				93C737EE255C9BD500DD064E /* RepositoryRemote.swift */,
				93C73895255DE84000DD064E /* UserRemote.swift */,
				935D4F13255ECFBC00E5BE69 /* SearchEndPointApiResponseData.swift */,
			);
			path = Model;
			sourceTree = "<group>";
		};
		93C737D9255C8AA200DD064E /* View */ = {
			isa = PBXGroup;
			children = (
				93096A12256004EA00378830 /* Extensions */,
				935D4F02255E998900E5BE69 /* RepositoryListViewController.swift */,
				935D4F0C255E9C1F00E5BE69 /* RepositoryCell.swift */,
			);
			path = View;
			sourceTree = "<group>";
		};
		93C737DA255C8AA800DD064E /* ViewModel */ = {
			isa = PBXGroup;
			children = (
				93FFE0D525628ECB00BB3221 /* Wrappers */,
				93096A29256115B700378830 /* Protocols */,
				93096A17256105A500378830 /* SearchViewModel.swift */,
				93096A222561080F00378830 /* RepositoryCellViewModel.swift */,
			);
			path = ViewModel;
			sourceTree = "<group>";
		};
		93C737DB255C8AC000DD064E /* Networking */ = {
			isa = PBXGroup;
			children = (
				93096A3F2561AC2C00378830 /* Configuration */,
				93C737FE255D620300DD064E /* Error */,
				93C737F9255D614E00DD064E /* Service */,
				93C7387A255DAFD700DD064E /* Encoding */,
				93C73884255DB2B600DD064E /* EndPoints */,
				93C73890255DBC6500DD064E /* Extensions */,
				583E2229285783EF0072832C /* Request.swift */,
				93C737EB255C9B9C00DD064E /* NetworkManager.swift */,
				93096A2525610FCB00378830 /* LoadImage.swift */,
			);
			path = Networking;
			sourceTree = "<group>";
		};
		93C737F9255D614E00DD064E /* Service */ = {
			isa = PBXGroup;
			children = (
				93C737E8255C957100DD064E /* HTTPMethod.swift */,
				93C73805255D64D800DD064E /* HTTPHeader.swift */,
				93C737FF255D634100DD064E /* HTTPTask.swift */,
				93C737E5255C8CDA00DD064E /* EndPointType.swift */,
				93C737FB255D615D00DD064E /* URLRequestConvertible.swift */,
			);
			path = Service;
			sourceTree = "<group>";
		};
		93C737FE255D620300DD064E /* Error */ = {
			isa = PBXGroup;
			children = (
				93C73881255DB16E00DD064E /* NetworkError.swift */,
			);
			path = Error;
			sourceTree = "<group>";
		};
		93C7387A255DAFD700DD064E /* Encoding */ = {
			isa = PBXGroup;
			children = (
				93C7387B255DB03200DD064E /* ParameterEncoder.swift */,
				935D4F0F255EAEEB00E5BE69 /* URLParameterEncoder.swift */,
			);
			path = Encoding;
			sourceTree = "<group>";
		};
		93C73884255DB2B600DD064E /* EndPoints */ = {
			isa = PBXGroup;
			children = (
				93C73885255DB2C500DD064E /* SearchEndPoint.swift */,
			);
			path = EndPoints;
			sourceTree = "<group>";
		};
		93C73890255DBC6500DD064E /* Extensions */ = {
			isa = PBXGroup;
			children = (
				93C73891255DBC7300DD064E /* URLSession.swift */,
			);
			path = Extensions;
			sourceTree = "<group>";
		};
		93FFE0D2256288CD00BB3221 /* Entities */ = {
			isa = PBXGroup;
			children = (
				9396D653256285FB003E92A8 /* Repository+CoreDataClass.swift */,
			);
			path = Entities;
			sourceTree = "<group>";
		};
		93FFE0D525628ECB00BB3221 /* Wrappers */ = {
			isa = PBXGroup;
			children = (
				93096A2B25613B0200378830 /* Observable.swift */,
			);
			path = Wrappers;
			sourceTree = "<group>";
		};
		93FFE0D82562A73A00BB3221 /* Extensions */ = {
			isa = PBXGroup;
			children = (
				93FFE0D92562A74900BB3221 /* CodingUserInfoKeyExtension.swift */,
			);
			path = Extensions;
			sourceTree = "<group>";
		};
		EF19B7E2ADEE5696820B365D /* Frameworks */ = {
			isa = PBXGroup;
			children = (
				0B63E8DB5598BE7E3BE1F6A7 /* Pods_CanYouReallySearchGitHub.framework */,
			);
			name = Frameworks;
			sourceTree = "<group>";
		};
/* End PBXGroup section */

/* Begin PBXNativeTarget section */
		586461AA286DC5B1009D5DF1 /* App_UITest */ = {
			isa = PBXNativeTarget;
			buildConfigurationList = 586461B3286DC5B1009D5DF1 /* Build configuration list for PBXNativeTarget "App_UITest" */;
			buildPhases = (
				586461A7286DC5B1009D5DF1 /* Sources */,
				586461A8286DC5B1009D5DF1 /* Frameworks */,
				586461A9286DC5B1009D5DF1 /* Resources */,
			);
			buildRules = (
			);
			dependencies = (
				586461B2286DC5B1009D5DF1 /* PBXTargetDependency */,
			);
			name = App_UITest;
			productName = App_UITest;
			productReference = 586461AB286DC5B1009D5DF1 /* App_UITest.xctest */;
			productType = "com.apple.product-type.bundle.ui-testing";
		};
		93C737BC255C84B400DD064E /* CanYouReallySearchGitHub */ = {
			isa = PBXNativeTarget;
			buildConfigurationList = 93C737D4255C84B500DD064E /* Build configuration list for PBXNativeTarget "CanYouReallySearchGitHub" */;
			buildPhases = (
				64392121DE3B677570E57477 /* [CP] Check Pods Manifest.lock */,
				93C737B9255C84B400DD064E /* Sources */,
				93C737BA255C84B400DD064E /* Frameworks */,
				93C737BB255C84B400DD064E /* Resources */,
				5859FEE328577A1700C1932A /* Embed Frameworks */,
				FF824E1581E4283FCA19CEB0 /* [CP] Embed Pods Frameworks */,
				583E22342857BFD90072832C /* Run Crashlytics */,
			);
			buildRules = (
			);
			dependencies = (
			);
			name = CanYouReallySearchGitHub;
			productName = CanYouReallySearchGitHub;
			productReference = 93C737BD255C84B400DD064E /* CanYouReallySearchGitHub.app */;
			productType = "com.apple.product-type.application";
		};
/* End PBXNativeTarget section */

/* Begin PBXProject section */
		93C737B5255C84B400DD064E /* Project object */ = {
			isa = PBXProject;
			attributes = {
				LastSwiftUpdateCheck = 1340;
				LastUpgradeCheck = 1210;
				TargetAttributes = {
					586461AA286DC5B1009D5DF1 = {
						CreatedOnToolsVersion = 13.4.1;
						TestTargetID = 93C737BC255C84B400DD064E;
					};
					93C737BC255C84B400DD064E = {
						CreatedOnToolsVersion = 12.1;
					};
				};
			};
			buildConfigurationList = 93C737B8255C84B400DD064E /* Build configuration list for PBXProject "CanYouReallySearchGitHub" */;
			compatibilityVersion = "Xcode 13.0";
			developmentRegion = en;
			hasScannedForEncodings = 0;
			knownRegions = (
				en,
				Base,
			);
			mainGroup = 93C737B4255C84B400DD064E;
			productRefGroup = 93C737BE255C84B400DD064E /* Products */;
			projectDirPath = "";
			projectRoot = "";
			targets = (
				93C737BC255C84B400DD064E /* CanYouReallySearchGitHub */,
				586461AA286DC5B1009D5DF1 /* App_UITest */,
			);
		};
/* End PBXProject section */

/* Begin PBXResourcesBuildPhase section */
		586461A9286DC5B1009D5DF1 /* Resources */ = {
			isa = PBXResourcesBuildPhase;
			buildActionMask = 2147483647;
			files = (
			);
			runOnlyForDeploymentPostprocessing = 0;
		};
		93C737BB255C84B400DD064E /* Resources */ = {
			isa = PBXResourcesBuildPhase;
			buildActionMask = 2147483647;
			files = (
				586461C0286DC7E2009D5DF1 /* Snapfile in Resources */,
				586461BD286DC7E2009D5DF1 /* Gymfile in Resources */,
				586461A6286DC184009D5DF1 /* Fastfile in Resources */,
				93C737D0255C84B500DD064E /* LaunchScreen.storyboard in Resources */,
				58995910286B7273006503CB /* exportOptionsTemplate.plist in Resources */,
				93C737CD255C84B500DD064E /* Assets.xcassets in Resources */,
				586461BC286DC7E2009D5DF1 /* Pluginfile in Resources */,
				586461A5286DC184009D5DF1 /* Appfile in Resources */,
				58995911286B7273006503CB /* archive-script.sh in Resources */,
				58995914286B72B9006503CB /* Gemfile in Resources */,
				589E3DDC287340A100903402 /* codemagic.yaml in Resources */,
				586461BF286DC7E2009D5DF1 /* README.md in Resources */,
				5864619D286D726A009D5DF1 /* .gitignore in Resources */,
				5899590F286B7273006503CB /* exportOptions.plist in Resources */,
				5864619F286D73FE009D5DF1 /* GoogleService-Info.plist in Resources */,
			);
			runOnlyForDeploymentPostprocessing = 0;
		};
/* End PBXResourcesBuildPhase section */

/* Begin PBXShellScriptBuildPhase section */
		583E22342857BFD90072832C /* Run Crashlytics */ = {
			isa = PBXShellScriptBuildPhase;
			buildActionMask = 2147483647;
			files = (
			);
			inputFileListPaths = (
			);
			inputPaths = (
				"${DWARF_DSYM_FOLDER_PATH}/${DWARF_DSYM_FILE_NAME}/Contents/Resources/DWARF/${TARGET_NAME}",
				"$(SRCROOT)/$(BUILT_PRODUCTS_DIR)/$(INFOPLIST_PATH)",
			);
			name = "Run Crashlytics";
			outputFileListPaths = (
			);
			outputPaths = (
			);
			runOnlyForDeploymentPostprocessing = 0;
			shellPath = /bin/sh;
			shellScript = "# Cocoapods\n${PODS_ROOT}/FirebaseCrashlytics/run\n# SwiftPM\n# \"${BUILD_DIR%/Build/*}/SourcePackages/checkouts/firebase-ios-sdk/Crashlytics/run\"\n";
		};
		64392121DE3B677570E57477 /* [CP] Check Pods Manifest.lock */ = {
			isa = PBXShellScriptBuildPhase;
			buildActionMask = 2147483647;
			files = (
			);
			inputFileListPaths = (
			);
			inputPaths = (
				"${PODS_PODFILE_DIR_PATH}/Podfile.lock",
				"${PODS_ROOT}/Manifest.lock",
			);
			name = "[CP] Check Pods Manifest.lock";
			outputFileListPaths = (
			);
			outputPaths = (
				"$(DERIVED_FILE_DIR)/Pods-CanYouReallySearchGitHub-checkManifestLockResult.txt",
			);
			runOnlyForDeploymentPostprocessing = 0;
			shellPath = /bin/sh;
			shellScript = "diff \"${PODS_PODFILE_DIR_PATH}/Podfile.lock\" \"${PODS_ROOT}/Manifest.lock\" > /dev/null\nif [ $? != 0 ] ; then\n    # print error to STDERR\n    echo \"error: The sandbox is not in sync with the Podfile.lock. Run 'pod install' or update your CocoaPods installation.\" >&2\n    exit 1\nfi\n# This output is used by Xcode 'outputs' to avoid re-running this script phase.\necho \"SUCCESS\" > \"${SCRIPT_OUTPUT_FILE_0}\"\n";
			showEnvVarsInLog = 0;
		};
		FF824E1581E4283FCA19CEB0 /* [CP] Embed Pods Frameworks */ = {
			isa = PBXShellScriptBuildPhase;
			buildActionMask = 2147483647;
			files = (
			);
			inputFileListPaths = (
				"${PODS_ROOT}/Target Support Files/Pods-CanYouReallySearchGitHub/Pods-CanYouReallySearchGitHub-frameworks-${CONFIGURATION}-input-files.xcfilelist",
			);
			name = "[CP] Embed Pods Frameworks";
			outputFileListPaths = (
				"${PODS_ROOT}/Target Support Files/Pods-CanYouReallySearchGitHub/Pods-CanYouReallySearchGitHub-frameworks-${CONFIGURATION}-output-files.xcfilelist",
			);
			runOnlyForDeploymentPostprocessing = 0;
			shellPath = /bin/sh;
			shellScript = "\"${PODS_ROOT}/Target Support Files/Pods-CanYouReallySearchGitHub/Pods-CanYouReallySearchGitHub-frameworks.sh\"\n";
			showEnvVarsInLog = 0;
		};
/* End PBXShellScriptBuildPhase section */

/* Begin PBXSourcesBuildPhase section */
		586461A7286DC5B1009D5DF1 /* Sources */ = {
			isa = PBXSourcesBuildPhase;
			buildActionMask = 2147483647;
			files = (
				586461B0286DC5B1009D5DF1 /* App_UITestLaunchTests.swift in Sources */,
				586461AE286DC5B1009D5DF1 /* App_UITest.swift in Sources */,
				586461C2286DC7E9009D5DF1 /* SnapshotHelper.swift in Sources */,
			);
			runOnlyForDeploymentPostprocessing = 0;
		};
		93C737B9255C84B400DD064E /* Sources */ = {
			isa = PBXSourcesBuildPhase;
			buildActionMask = 2147483647;
			files = (
				93135B3B2562AFCC0009F3D9 /* JSONDecoderExtension.swift in Sources */,
				583E222A285783EF0072832C /* Request.swift in Sources */,
				9396D657256285FB003E92A8 /* Repository+CoreDataClass.swift in Sources */,
				93C73803255D636300DD064E /* Parameters.swift in Sources */,
				93096A3D2561A83000378830 /* UIActivityIndicatorViewExtension.swift in Sources */,
				93C73800255D634100DD064E /* HTTPTask.swift in Sources */,
				93135B362562A98A0009F3D9 /* DecoderConfigurationError.swift in Sources */,
				93FFE0DA2562A74900BB3221 /* CodingUserInfoKeyExtension.swift in Sources */,
				93096A412561AC3A00378830 /* RequestConfiguration.swift in Sources */,
				93C7387C255DB03200DD064E /* ParameterEncoder.swift in Sources */,
				93096A152560051700378830 /* UITableViewExtension.swift in Sources */,
				935D4F03255E998900E5BE69 /* RepositoryListViewController.swift in Sources */,
				93096A1E2561061300378830 /* RepositoryCellViewModelType.swift in Sources */,
				93C737EC255C9B9C00DD064E /* NetworkManager.swift in Sources */,
				93C737E6255C8CDA00DD064E /* EndPointType.swift in Sources */,
				93C7380A255D65CB00DD064E /* Constants.swift in Sources */,
				93C73892255DBC7300DD064E /* URLSession.swift in Sources */,
				93096A2C25613B0200378830 /* Observable.swift in Sources */,
				9313D32325631C9100549A6C /* EntityNames.swift in Sources */,
				93C73886255DB2C500DD064E /* SearchEndPoint.swift in Sources */,
				93C737C1255C84B400DD064E /* AppDelegate.swift in Sources */,
				93096A232561080F00378830 /* RepositoryCellViewModel.swift in Sources */,
				935D4F14255ECFBC00E5BE69 /* SearchEndPointApiResponseData.swift in Sources */,
				9343D37A2562CA7700942F9A /* CoreDataManager.swift in Sources */,
				935D4F10255EAEEB00E5BE69 /* URLParameterEncoder.swift in Sources */,
				93096A3A25619F2300378830 /* UIAlertControllerExtension.swift in Sources */,
				93C737CB255C84B400DD064E /* CanYouReallySearchGitHub.xcdatamodeld in Sources */,
				93C737E9255C957100DD064E /* HTTPMethod.swift in Sources */,
				93C737FC255D615D00DD064E /* URLRequestConvertible.swift in Sources */,
				935D4F0D255E9C1F00E5BE69 /* RepositoryCell.swift in Sources */,
				93096A18256105A500378830 /* SearchViewModel.swift in Sources */,
				93C737EF255C9BD500DD064E /* RepositoryRemote.swift in Sources */,
				93096A3625616F1D00378830 /* FormatSearchQuery.swift in Sources */,
				93C73896255DE84000DD064E /* UserRemote.swift in Sources */,
				93096A2625610FCB00378830 /* LoadImage.swift in Sources */,
				93096A1B256105D500378830 /* SearchViewModelType.swift in Sources */,
				93C737C3255C84B400DD064E /* SceneDelegate.swift in Sources */,
				93C73882255DB16E00DD064E /* NetworkError.swift in Sources */,
				93C73806255D64D800DD064E /* HTTPHeader.swift in Sources */,
			);
			runOnlyForDeploymentPostprocessing = 0;
		};
/* End PBXSourcesBuildPhase section */

/* Begin PBXTargetDependency section */
		586461B2286DC5B1009D5DF1 /* PBXTargetDependency */ = {
			isa = PBXTargetDependency;
			target = 93C737BC255C84B400DD064E /* CanYouReallySearchGitHub */;
			targetProxy = 586461B1286DC5B1009D5DF1 /* PBXContainerItemProxy */;
		};
/* End PBXTargetDependency section */

/* Begin PBXVariantGroup section */
		93C737CE255C84B500DD064E /* LaunchScreen.storyboard */ = {
			isa = PBXVariantGroup;
			children = (
				93C737CF255C84B500DD064E /* Base */,
			);
			name = LaunchScreen.storyboard;
			sourceTree = "<group>";
		};
/* End PBXVariantGroup section */

/* Begin XCBuildConfiguration section */
		586461B4286DC5B1009D5DF1 /* Debug */ = {
			isa = XCBuildConfiguration;
			buildSettings = {
				CLANG_CXX_LANGUAGE_STANDARD = "gnu++17";
				CODE_SIGN_STYLE = Automatic;
				CURRENT_PROJECT_VERSION = 1;
				DEVELOPMENT_TEAM = 9LY79WQUU9;
				GENERATE_INFOPLIST_FILE = YES;
				IPHONEOS_DEPLOYMENT_TARGET = 15.5;
				MARKETING_VERSION = 1.0;
				PRODUCT_BUNDLE_IDENTIFIER = "com.nmarhal.App-UITest";
				PRODUCT_NAME = "$(TARGET_NAME)";
				SWIFT_EMIT_LOC_STRINGS = NO;
				SWIFT_VERSION = 5.0;
				TARGETED_DEVICE_FAMILY = "1,2";
				TEST_TARGET_NAME = CanYouReallySearchGitHub;
			};
			name = Debug;
		};
		586461B5286DC5B1009D5DF1 /* Release */ = {
			isa = XCBuildConfiguration;
			buildSettings = {
				CLANG_CXX_LANGUAGE_STANDARD = "gnu++17";
				CODE_SIGN_STYLE = Automatic;
				CURRENT_PROJECT_VERSION = 1;
				DEVELOPMENT_TEAM = 9LY79WQUU9;
				GENERATE_INFOPLIST_FILE = YES;
				IPHONEOS_DEPLOYMENT_TARGET = 15.5;
				MARKETING_VERSION = 1.0;
				PRODUCT_BUNDLE_IDENTIFIER = "com.nmarhal.App-UITest";
				PRODUCT_NAME = "$(TARGET_NAME)";
				SWIFT_EMIT_LOC_STRINGS = NO;
				SWIFT_VERSION = 5.0;
				TARGETED_DEVICE_FAMILY = "1,2";
				TEST_TARGET_NAME = CanYouReallySearchGitHub;
			};
			name = Release;
		};
		93C737D2255C84B500DD064E /* Debug */ = {
			isa = XCBuildConfiguration;
			buildSettings = {
				ALWAYS_SEARCH_USER_PATHS = NO;
				CLANG_ANALYZER_NONNULL = YES;
				CLANG_ANALYZER_NUMBER_OBJECT_CONVERSION = YES_AGGRESSIVE;
				CLANG_CXX_LANGUAGE_STANDARD = "gnu++14";
				CLANG_CXX_LIBRARY = "libc++";
				CLANG_ENABLE_MODULES = YES;
				CLANG_ENABLE_OBJC_ARC = YES;
				CLANG_ENABLE_OBJC_WEAK = YES;
				CLANG_WARN_BLOCK_CAPTURE_AUTORELEASING = YES;
				CLANG_WARN_BOOL_CONVERSION = YES;
				CLANG_WARN_COMMA = YES;
				CLANG_WARN_CONSTANT_CONVERSION = YES;
				CLANG_WARN_DEPRECATED_OBJC_IMPLEMENTATIONS = YES;
				CLANG_WARN_DIRECT_OBJC_ISA_USAGE = YES_ERROR;
				CLANG_WARN_DOCUMENTATION_COMMENTS = YES;
				CLANG_WARN_EMPTY_BODY = YES;
				CLANG_WARN_ENUM_CONVERSION = YES;
				CLANG_WARN_INFINITE_RECURSION = YES;
				CLANG_WARN_INT_CONVERSION = YES;
				CLANG_WARN_NON_LITERAL_NULL_CONVERSION = YES;
				CLANG_WARN_OBJC_IMPLICIT_RETAIN_SELF = YES;
				CLANG_WARN_OBJC_LITERAL_CONVERSION = YES;
				CLANG_WARN_OBJC_ROOT_CLASS = YES_ERROR;
				CLANG_WARN_QUOTED_INCLUDE_IN_FRAMEWORK_HEADER = YES;
				CLANG_WARN_RANGE_LOOP_ANALYSIS = YES;
				CLANG_WARN_STRICT_PROTOTYPES = YES;
				CLANG_WARN_SUSPICIOUS_MOVE = YES;
				CLANG_WARN_UNGUARDED_AVAILABILITY = YES_AGGRESSIVE;
				CLANG_WARN_UNREACHABLE_CODE = YES;
				CLANG_WARN__DUPLICATE_METHOD_MATCH = YES;
				COPY_PHASE_STRIP = NO;
				DEBUG_INFORMATION_FORMAT = dwarf;
				ENABLE_STRICT_OBJC_MSGSEND = YES;
				ENABLE_TESTABILITY = YES;
				GCC_C_LANGUAGE_STANDARD = gnu11;
				GCC_DYNAMIC_NO_PIC = NO;
				GCC_NO_COMMON_BLOCKS = YES;
				GCC_OPTIMIZATION_LEVEL = 0;
				GCC_PREPROCESSOR_DEFINITIONS = (
					"DEBUG=1",
					"$(inherited)",
				);
				GCC_WARN_64_TO_32_BIT_CONVERSION = YES;
				GCC_WARN_ABOUT_RETURN_TYPE = YES_ERROR;
				GCC_WARN_UNDECLARED_SELECTOR = YES;
				GCC_WARN_UNINITIALIZED_AUTOS = YES_AGGRESSIVE;
				GCC_WARN_UNUSED_FUNCTION = YES;
				GCC_WARN_UNUSED_VARIABLE = YES;
				IPHONEOS_DEPLOYMENT_TARGET = 14.1;
				MTL_ENABLE_DEBUG_INFO = INCLUDE_SOURCE;
				MTL_FAST_MATH = YES;
				ONLY_ACTIVE_ARCH = YES;
				SDKROOT = iphoneos;
				SWIFT_ACTIVE_COMPILATION_CONDITIONS = DEBUG;
				SWIFT_OPTIMIZATION_LEVEL = "-Onone";
			};
			name = Debug;
		};
		93C737D3255C84B500DD064E /* Release */ = {
			isa = XCBuildConfiguration;
			buildSettings = {
				ALWAYS_SEARCH_USER_PATHS = NO;
				CLANG_ANALYZER_NONNULL = YES;
				CLANG_ANALYZER_NUMBER_OBJECT_CONVERSION = YES_AGGRESSIVE;
				CLANG_CXX_LANGUAGE_STANDARD = "gnu++14";
				CLANG_CXX_LIBRARY = "libc++";
				CLANG_ENABLE_MODULES = YES;
				CLANG_ENABLE_OBJC_ARC = YES;
				CLANG_ENABLE_OBJC_WEAK = YES;
				CLANG_WARN_BLOCK_CAPTURE_AUTORELEASING = YES;
				CLANG_WARN_BOOL_CONVERSION = YES;
				CLANG_WARN_COMMA = YES;
				CLANG_WARN_CONSTANT_CONVERSION = YES;
				CLANG_WARN_DEPRECATED_OBJC_IMPLEMENTATIONS = YES;
				CLANG_WARN_DIRECT_OBJC_ISA_USAGE = YES_ERROR;
				CLANG_WARN_DOCUMENTATION_COMMENTS = YES;
				CLANG_WARN_EMPTY_BODY = YES;
				CLANG_WARN_ENUM_CONVERSION = YES;
				CLANG_WARN_INFINITE_RECURSION = YES;
				CLANG_WARN_INT_CONVERSION = YES;
				CLANG_WARN_NON_LITERAL_NULL_CONVERSION = YES;
				CLANG_WARN_OBJC_IMPLICIT_RETAIN_SELF = YES;
				CLANG_WARN_OBJC_LITERAL_CONVERSION = YES;
				CLANG_WARN_OBJC_ROOT_CLASS = YES_ERROR;
				CLANG_WARN_QUOTED_INCLUDE_IN_FRAMEWORK_HEADER = YES;
				CLANG_WARN_RANGE_LOOP_ANALYSIS = YES;
				CLANG_WARN_STRICT_PROTOTYPES = YES;
				CLANG_WARN_SUSPICIOUS_MOVE = YES;
				CLANG_WARN_UNGUARDED_AVAILABILITY = YES_AGGRESSIVE;
				CLANG_WARN_UNREACHABLE_CODE = YES;
				CLANG_WARN__DUPLICATE_METHOD_MATCH = YES;
				COPY_PHASE_STRIP = NO;
				DEBUG_INFORMATION_FORMAT = "dwarf-with-dsym";
				ENABLE_NS_ASSERTIONS = NO;
				ENABLE_STRICT_OBJC_MSGSEND = YES;
				GCC_C_LANGUAGE_STANDARD = gnu11;
				GCC_NO_COMMON_BLOCKS = YES;
				GCC_WARN_64_TO_32_BIT_CONVERSION = YES;
				GCC_WARN_ABOUT_RETURN_TYPE = YES_ERROR;
				GCC_WARN_UNDECLARED_SELECTOR = YES;
				GCC_WARN_UNINITIALIZED_AUTOS = YES_AGGRESSIVE;
				GCC_WARN_UNUSED_FUNCTION = YES;
				GCC_WARN_UNUSED_VARIABLE = YES;
				IPHONEOS_DEPLOYMENT_TARGET = 14.1;
				MTL_ENABLE_DEBUG_INFO = NO;
				MTL_FAST_MATH = YES;
				SDKROOT = iphoneos;
				SWIFT_COMPILATION_MODE = wholemodule;
				SWIFT_OPTIMIZATION_LEVEL = "-O";
				VALIDATE_PRODUCT = YES;
			};
			name = Release;
		};
		93C737D5255C84B500DD064E /* Debug */ = {
			isa = XCBuildConfiguration;
			baseConfigurationReference = 9CEAEB43FBE8EA69F0FA9809 /* Pods-CanYouReallySearchGitHub.debug.xcconfig */;
			buildSettings = {
				ASSETCATALOG_COMPILER_APPICON_NAME = AppIcon;
				ASSETCATALOG_COMPILER_GLOBAL_ACCENT_COLOR_NAME = AccentColor;
				CODE_SIGN_IDENTITY = "iPhone Developer";
				CODE_SIGN_STYLE = Manual;
				DEBUG_INFORMATION_FORMAT = "dwarf-with-dsym";
				DEVELOPMENT_TEAM = VNU8KKW4GG;
				INFOPLIST_FILE = CanYouReallySearchGitHub/Info.plist;
				IPHONEOS_DEPLOYMENT_TARGET = 15.5;
				LD_RUNPATH_SEARCH_PATHS = (
					"$(inherited)",
					"@executable_path/Frameworks",
				);
				MARKETING_VERSION = 1.1.0;
				PRODUCT_BUNDLE_IDENTIFIER = ua.edu.ukma.nmarhal.CanYouReallySearchGitHub;
				PRODUCT_NAME = "$(TARGET_NAME)";
				PROVISIONING_PROFILE_SPECIFIER = "UKMA Edu Shared Profile";
				SWIFT_VERSION = 5.0;
				TARGETED_DEVICE_FAMILY = "1,2";
			};
			name = Debug;
		};
		93C737D6255C84B500DD064E /* Release */ = {
			isa = XCBuildConfiguration;
			baseConfigurationReference = E0E99328C3153F068EF29133 /* Pods-CanYouReallySearchGitHub.release.xcconfig */;
			buildSettings = {
				ASSETCATALOG_COMPILER_APPICON_NAME = AppIcon;
				ASSETCATALOG_COMPILER_GLOBAL_ACCENT_COLOR_NAME = AccentColor;
				CODE_SIGN_IDENTITY = "iPhone Developer";
				CODE_SIGN_STYLE = Manual;
				DEVELOPMENT_TEAM = VNU8KKW4GG;
				INFOPLIST_FILE = CanYouReallySearchGitHub/Info.plist;
				IPHONEOS_DEPLOYMENT_TARGET = 15.5;
				LD_RUNPATH_SEARCH_PATHS = (
					"$(inherited)",
					"@executable_path/Frameworks",
				);
				MARKETING_VERSION = 1.1.0;
				PRODUCT_BUNDLE_IDENTIFIER = ua.edu.ukma.nmarhal.CanYouReallySearchGitHub;
				PRODUCT_NAME = "$(TARGET_NAME)";
				PROVISIONING_PROFILE_SPECIFIER = "UKMA Edu Shared Profile";
				SWIFT_VERSION = 5.0;
				TARGETED_DEVICE_FAMILY = "1,2";
			};
			name = Release;
		};
/* End XCBuildConfiguration section */

/* Begin XCConfigurationList section */
		586461B3286DC5B1009D5DF1 /* Build configuration list for PBXNativeTarget "App_UITest" */ = {
			isa = XCConfigurationList;
			buildConfigurations = (
				586461B4286DC5B1009D5DF1 /* Debug */,
				586461B5286DC5B1009D5DF1 /* Release */,
			);
			defaultConfigurationIsVisible = 0;
			defaultConfigurationName = Release;
		};
		93C737B8255C84B400DD064E /* Build configuration list for PBXProject "CanYouReallySearchGitHub" */ = {
			isa = XCConfigurationList;
			buildConfigurations = (
				93C737D2255C84B500DD064E /* Debug */,
				93C737D3255C84B500DD064E /* Release */,
			);
			defaultConfigurationIsVisible = 0;
			defaultConfigurationName = Release;
		};
		93C737D4255C84B500DD064E /* Build configuration list for PBXNativeTarget "CanYouReallySearchGitHub" */ = {
			isa = XCConfigurationList;
			buildConfigurations = (
				93C737D5255C84B500DD064E /* Debug */,
				93C737D6255C84B500DD064E /* Release */,
			);
			defaultConfigurationIsVisible = 0;
			defaultConfigurationName = Release;
		};
/* End XCConfigurationList section */

/* Begin XCVersionGroup section */
		93C737C9255C84B400DD064E /* CanYouReallySearchGitHub.xcdatamodeld */ = {
			isa = XCVersionGroup;
			children = (
				93C737CA255C84B400DD064E /* CanYouReallySearchGitHub.xcdatamodel */,
			);
			currentVersion = 93C737CA255C84B400DD064E /* CanYouReallySearchGitHub.xcdatamodel */;
			path = CanYouReallySearchGitHub.xcdatamodeld;
			sourceTree = "<group>";
			versionGroupType = wrapper.xcdatamodel;
		};
/* End XCVersionGroup section */
	};
	rootObject = 93C737B5255C84B400DD064E /* Project object */;
}
